{
  "version": 4,
  "terraform_version": "1.9.8",
  "serial": 3,
  "lineage": "dc89646e-9481-12b7-b189-f13c275630f1",
  "outputs": {
    "s3_bucket_arn": {
      "value": "arn:aws:s3:::my-simple-terraform-bucket-ofev6v9",
      "type": "string"
    },
    "s3_bucket_name": {
      "value": "my-simple-terraform-bucket-ofev6v9",
      "type": "string"
    },
    "s3_bucket_region": {
      "value": "us-east-1",
      "type": "string"
    }
  },
  "resources": [
    {
      "mode": "managed",
      "type": "aws_s3_bucket",
      "name": "my_bucket",
      "provider": "provider[\"registry.terraform.io/hashicorp/aws\"]",
      "instances": [
        {
          "schema_version": 0,
          "attributes": {
            "acceleration_status": "",
            "acl": null,
            "arn": "arn:aws:s3:::my-simple-terraform-bucket-ofev6v9",
            "bucket": "my-simple-terraform-bucket-ofev6v9",
            "bucket_domain_name": "my-simple-terraform-bucket-ofev6v9.s3.amazonaws.com",
            "bucket_prefix": "",
            "bucket_regional_domain_name": "my-simple-terraform-bucket-ofev6v9.s3.us-east-1.amazonaws.com",
            "cors_rule": [],
            "force_destroy": false,
            "grant": [
              {
                "id": "7faf053213df1c0fc30d06e50bddb33a7b8771e69157639617d71eeb12eaef90",
                "permissions": [
                  "FULL_CONTROL"
                ],
                "type": "CanonicalUser",
                "uri": ""
              }
            ],
            "hosted_zone_id": "Z3AQBSTGFYJSTF",
            "id": "my-simple-terraform-bucket-ofev6v9",
            "lifecycle_rule": [],
            "logging": [],
            "object_lock_configuration": [],
            "object_lock_enabled": false,
            "policy": "",
            "region": "us-east-1",
            "replication_configuration": [],
            "request_payer": "BucketOwner",
            "server_side_encryption_configuration": [
              {
                "rule": [
                  {
                    "apply_server_side_encryption_by_default": [
                      {
                        "kms_master_key_id": "",
                        "sse_algorithm": "AES256"
                      }
                    ],
                    "bucket_key_enabled": false
                  }
                ]
              }
            ],
            "tags": {
              "Environment": "Dev",
              "Name": "Simple-S3-Bucket"
            },
            "tags_all": {
              "Environment": "Dev",
              "Name": "Simple-S3-Bucket"
            },
            "timeouts": null,
            "versioning": [
              {
                "enabled": false,
                "mfa_delete": false
              }
            ],
            "website": [],
            "website_domain": null,
            "website_endpoint": null
          },
          "sensitive_attributes": [],
          "private": "eyJlMmJmYjczMC1lY2FhLTExZTYtOGY4OC0zNDM2M2JjN2M0YzAiOnsiY3JlYXRlIjoxMjAwMDAwMDAwMDAwLCJkZWxldGUiOjM2MDAwMDAwMDAwMDAsInJlYWQiOjEyMDAwMDAwMDAwMDAsInVwZGF0ZSI6MTIwMDAwMDAwMDAwMH19"
        }
      ]
    }
  ],
  "check_results": null
}
